
Microsoft Visual Studio Solution File, Format Version 12.00
# Visual Studio Version 16
VisualStudioVersion = 16.0.29709.97
MinimumVisualStudioVersion = 10.0.40219.1
Project("{FAE04EC0-301F-11D3-BF4B-00C04F79EFBC}") = "CDS.Caching", "CDS.Caching\CDS.Caching.csproj", "{5E1490FB-67C0-47FE-B5D8-EE5199B2812B}"
EndProject
Global
	GlobalSection(SolutionConfigurationPlatforms) = preSolution
		Debug|Any CPU = Debug|Any CPU
		Release|Any CPU = Release|Any CPU
	EndGlobalSection
	GlobalSection(ProjectConfigurationPlatforms) = postSolution
		{5E1490FB-67C0-47FE-B5D8-EE5199B2812B}.Debug|Any CPU.ActiveCfg = Debug|Any CPU
		{5E1490FB-67C0-47FE-B5D8-EE5199B2812B}.Debug|Any CPU.Build.0 = Debug|Any CPU
		{5E1490FB-67C0-47FE-B5D8-EE5199B2812B}.Release|Any CPU.ActiveCfg = Release|Any CPU
		{5E1490FB-67C0-47FE-B5D8-EE5199B2812B}.Release|Any CPU.Build.0 = Release|Any CPU
	EndGlobalSection
	GlobalSection(SolutionProperties) = preSolution
		HideSolutionNode = FALSE
	EndGlobalSection
	GlobalSection(ExtensibilityGlobals) = postSolution
		SolutionGuid = {755A64D0-23A3-4130-997E-59DCD93596BD}
	EndGlobalSection
EndGlobal
